<?xml version="1.0" encoding="utf-8"?>
<Project ToolsVersion="4.0" xmlns="http://schemas.microsoft.com/developer/msbuild/2003">
  <ItemGroup>
    <Filter Include="Renderers">
      <UniqueIdentifier>{482aaace-be0d-44c2-9bda-ea1986422923}</UniqueIdentifier>
    </Filter>
    <Filter Include="Materials">
      <UniqueIdentifier>{a143e88c-8899-49cf-b2e7-e30688ddec8a}</UniqueIdentifier>
    </Filter>
    <Filter Include="Renderers\TestRenderer">
      <UniqueIdentifier>{e27bec54-51b5-46f9-b18b-15ca092b01e7}</UniqueIdentifier>
    </Filter>
    <Filter Include="Vertex">
      <UniqueIdentifier>{ad2c5361-8bb6-4e0f-863d-67d9b89f3c61}</UniqueIdentifier>
    </Filter>
    <Filter Include="Renderers\SimpleRenderer">
      <UniqueIdentifier>{396cfebf-33bd-449f-b8dd-ef12f6a3bdfc}</UniqueIdentifier>
    </Filter>
    <Filter Include="Materials\SimpleMaterial">
      <UniqueIdentifier>{9d56c08c-1786-4ae8-ac52-0a616ddb6de9}</UniqueIdentifier>
    </Filter>
    <Filter Include="Materials\ImageMaterial">
      <UniqueIdentifier>{cf0f788b-cbcf-4f87-b58c-e7a56e06f13d}</UniqueIdentifier>
    </Filter>
    <Filter Include="Renderers\ImageRenderer">
      <UniqueIdentifier>{ef72d0a5-3437-4774-ada5-f2867f20c1de}</UniqueIdentifier>
    </Filter>
    <Filter Include="Scene">
      <UniqueIdentifier>{d3c51bef-1446-42d2-9e96-751c1a04e803}</UniqueIdentifier>
    </Filter>
    <Filter Include="RenderSystem">
      <UniqueIdentifier>{a2d285a4-311b-465f-aff5-5cd82bffd764}</UniqueIdentifier>
    </Filter>
    <Filter Include="Display">
      <UniqueIdentifier>{e7c7bc6d-df17-4693-9455-2fb96f41973d}</UniqueIdentifier>
    </Filter>
    <Filter Include="SceneObject">
      <UniqueIdentifier>{5acd7e5f-e61a-4626-8029-fefa21a70564}</UniqueIdentifier>
    </Filter>
    <Filter Include="Component">
      <UniqueIdentifier>{d11bd272-20d5-4bc1-9a5f-70650f7dfd08}</UniqueIdentifier>
    </Filter>
    <Filter Include="Component\Impl">
      <UniqueIdentifier>{1f290f63-051c-435c-9acc-62d6abdc7f42}</UniqueIdentifier>
    </Filter>
    <Filter Include="Managed">
      <UniqueIdentifier>{21b5ba1c-1194-4b90-ac0d-50c6b69c2762}</UniqueIdentifier>
    </Filter>
    <Filter Include="Executor">
      <UniqueIdentifier>{73918271-c1c9-40b8-ba4e-99e157976daf}</UniqueIdentifier>
    </Filter>
    <Filter Include="Model">
      <UniqueIdentifier>{20af5da8-0d9e-49f0-8101-1fed0c3af2d4}</UniqueIdentifier>
    </Filter>
    <Filter Include="Theme">
      <UniqueIdentifier>{fbbe77aa-b891-452b-85bf-f1801a4ab147}</UniqueIdentifier>
    </Filter>
    <Filter Include="Style">
      <UniqueIdentifier>{a157de4c-c7a1-4ec6-9dfc-f16a8010ade8}</UniqueIdentifier>
    </Filter>
    <Filter Include="Drawable">
      <UniqueIdentifier>{b18f5fd2-1db1-4007-9475-20949d6a7b41}</UniqueIdentifier>
    </Filter>
    <Filter Include="Component\Impl\DrawableComponent">
      <UniqueIdentifier>{a85e377a-d878-465f-be4b-477a79319dd2}</UniqueIdentifier>
    </Filter>
    <Filter Include="Component\Impl\CameraComponent">
      <UniqueIdentifier>{db6f8d03-35ee-4d7d-8100-7ec25f917a35}</UniqueIdentifier>
    </Filter>
    <Filter Include="Component\Impl\ModelComponent">
      <UniqueIdentifier>{e819d28f-d55b-4f3e-bff6-6b2e871b6c7e}</UniqueIdentifier>
    </Filter>
    <Filter Include="Component\Impl\ThemeComponent">
      <UniqueIdentifier>{66d4caae-3d30-4506-9a17-8516d09de404}</UniqueIdentifier>
    </Filter>
    <Filter Include="Component\Impl\StyleComponent">
      <UniqueIdentifier>{ee50b67b-4445-4fcd-a6b4-beb4848d2d8e}</UniqueIdentifier>
    </Filter>
    <Filter Include="Component\Impl\DrawParamComponent">
      <UniqueIdentifier>{ce5582ce-2344-4f9b-bba7-5fc3387a84f7}</UniqueIdentifier>
    </Filter>
    <Filter Include="Component\Impl\LayerComponent">
      <UniqueIdentifier>{e06c6631-2f2e-485c-9c2a-9c002a38ece7}</UniqueIdentifier>
    </Filter>
    <Filter Include="Component\Impl\TransformComponent">
      <UniqueIdentifier>{ce95d671-532c-48af-9ce4-4e73d265af22}</UniqueIdentifier>
    </Filter>
    <Filter Include="Canvas">
      <UniqueIdentifier>{8d28480c-a140-4193-ab17-fd18390cb1a3}</UniqueIdentifier>
    </Filter>
  </ItemGroup>
  <ItemGroup>
    <ClInclude Include="TestRenderer.h">
      <Filter>Renderers\TestRenderer</Filter>
    </ClInclude>
    <ClInclude Include="Vertex.h">
      <Filter>Vertex</Filter>
    </ClInclude>
    <ClInclude Include="VertexAttribute.h">
      <Filter>Vertex</Filter>
    </ClInclude>
    <ClInclude Include="SimpleRenderer.h">
      <Filter>Renderers\SimpleRenderer</Filter>
    </ClInclude>
    <ClInclude Include="SimpleMaterial.h">
      <Filter>Materials\SimpleMaterial</Filter>
    </ClInclude>
    <ClInclude Include="ImageMaterial.h">
      <Filter>Materials\ImageMaterial</Filter>
    </ClInclude>
    <ClInclude Include="ImageRenderer.h">
      <Filter>Renderers\ImageRenderer</Filter>
    </ClInclude>
    <ClInclude Include="Scene.h">
      <Filter>Scene</Filter>
    </ClInclude>
    <ClInclude Include="RenderSystem.h">
      <Filter>RenderSystem</Filter>
    </ClInclude>
    <ClInclude Include="Display.h">
      <Filter>Display</Filter>
    </ClInclude>
    <ClInclude Include="SceneObject.h">
      <Filter>SceneObject</Filter>
    </ClInclude>
    <ClInclude Include="Component.h">
      <Filter>Component</Filter>
    </ClInclude>
    <ClInclude Include="Model.h">
      <Filter>Model</Filter>
    </ClInclude>
    <ClInclude Include="Managed.h">
      <Filter>Managed</Filter>
    </ClInclude>
    <ClInclude Include="Executor.h">
      <Filter>Executor</Filter>
    </ClInclude>
    <ClInclude Include="Theme.h">
      <Filter>Theme</Filter>
    </ClInclude>
    <ClInclude Include="Style.h">
      <Filter>Style</Filter>
    </ClInclude>
    <ClInclude Include="Drawable.h">
      <Filter>Drawable</Filter>
    </ClInclude>
    <ClInclude Include="Canvas.h">
      <Filter>Canvas</Filter>
    </ClInclude>
  </ItemGroup>
  <ItemGroup>
    <ClCompile Include="TestRenderer.cpp">
      <Filter>Renderers\TestRenderer</Filter>
    </ClCompile>
    <ClCompile Include="SimpleRenderer.cpp">
      <Filter>Renderers\SimpleRenderer</Filter>
    </ClCompile>
    <ClCompile Include="SimpleMaterial.cpp">
      <Filter>Materials\SimpleMaterial</Filter>
    </ClCompile>
    <ClCompile Include="ImageMaterial.cpp">
      <Filter>Materials\ImageMaterial</Filter>
    </ClCompile>
    <ClCompile Include="ImageRenderer.cpp">
      <Filter>Renderers\ImageRenderer</Filter>
    </ClCompile>
    <ClCompile Include="Scene.cpp">
      <Filter>Scene</Filter>
    </ClCompile>
    <ClCompile Include="RenderSystem.cpp">
      <Filter>RenderSystem</Filter>
    </ClCompile>
    <ClCompile Include="Display.cpp">
      <Filter>Display</Filter>
    </ClCompile>
    <ClCompile Include="Component.cpp">
      <Filter>Component</Filter>
    </ClCompile>
    <ClCompile Include="Model.cpp">
      <Filter>Model</Filter>
    </ClCompile>
    <ClCompile Include="Executor.cpp">
      <Filter>Executor</Filter>
    </ClCompile>
    <ClCompile Include="Drawable.cpp">
      <Filter>Drawable</Filter>
    </ClCompile>
    <ClCompile Include="SceneObject.cpp">
      <Filter>SceneObject</Filter>
    </ClCompile>
    <ClCompile Include="Canvas.cpp">
      <Filter>Canvas</Filter>
    </ClCompile>
  </ItemGroup>
</Project>