<?xml version="1.0" encoding="utf-8"?>
<Project ToolsVersion="4.0" xmlns="http://schemas.microsoft.com/developer/msbuild/2003">
  <ItemGroup>
    <Filter Include="Renderers">
      <UniqueIdentifier>{482aaace-be0d-44c2-9bda-ea1986422923}</UniqueIdentifier>
    </Filter>
    <Filter Include="Materials">
      <UniqueIdentifier>{a143e88c-8899-49cf-b2e7-e30688ddec8a}</UniqueIdentifier>
    </Filter>
    <Filter Include="Vertex">
      <UniqueIdentifier>{ad2c5361-8bb6-4e0f-863d-67d9b89f3c61}</UniqueIdentifier>
    </Filter>
    <Filter Include="Scene">
      <UniqueIdentifier>{d3c51bef-1446-42d2-9e96-751c1a04e803}</UniqueIdentifier>
    </Filter>
    <Filter Include="RenderSystem">
      <UniqueIdentifier>{a2d285a4-311b-465f-aff5-5cd82bffd764}</UniqueIdentifier>
    </Filter>
    <Filter Include="Display">
      <UniqueIdentifier>{bda9a928-264f-431f-b362-095e90fe66f6}</UniqueIdentifier>
    </Filter>
    <Filter Include="Materials\TransformMaterial">
      <UniqueIdentifier>{b8436973-4c02-40d7-b7ba-016897218101}</UniqueIdentifier>
    </Filter>
    <Filter Include="Renderers\PhongRenderer">
      <UniqueIdentifier>{c8c9b92b-722f-4301-9d09-e1196ec1e743}</UniqueIdentifier>
    </Filter>
    <Filter Include="Materials\PhongMaterial">
      <UniqueIdentifier>{f70e395d-4f4e-4378-951c-6492a12aea7f}</UniqueIdentifier>
    </Filter>
    <Filter Include="Transform">
      <UniqueIdentifier>{6a3cd77f-6425-4db5-9502-c27a68a292a8}</UniqueIdentifier>
    </Filter>
    <Filter Include="Transform\Scale">
      <UniqueIdentifier>{b769b531-92d3-46c7-aff5-7399c022b729}</UniqueIdentifier>
    </Filter>
    <Filter Include="Transform\Position">
      <UniqueIdentifier>{167c208a-0910-463c-87fe-f741fb359a2c}</UniqueIdentifier>
    </Filter>
    <Filter Include="Transform\Orientation">
      <UniqueIdentifier>{7416da2f-ecfd-4552-ba0a-63399bd14113}</UniqueIdentifier>
    </Filter>
    <Filter Include="Constants">
      <UniqueIdentifier>{01c69329-62fb-49fc-8052-6af83b27253f}</UniqueIdentifier>
    </Filter>
    <Filter Include="Camera">
      <UniqueIdentifier>{70d377ed-737e-4c4e-b42b-3d7b3cca0d2c}</UniqueIdentifier>
    </Filter>
    <Filter Include="Materials\LightMaterial">
      <UniqueIdentifier>{26737013-0f9f-4efb-b218-d01e29d423cf}</UniqueIdentifier>
    </Filter>
    <Filter Include="Utils">
      <UniqueIdentifier>{a5ae7a85-c357-4526-9cb9-9b9f0d8c616d}</UniqueIdentifier>
    </Filter>
    <Filter Include="Utils\PrimitiveBuilder">
      <UniqueIdentifier>{a0127a16-4b87-428a-baf9-6f222270fd09}</UniqueIdentifier>
    </Filter>
    <Filter Include="Utils\TextureUtil">
      <UniqueIdentifier>{7dadebd9-3725-4272-82eb-7f529793436a}</UniqueIdentifier>
    </Filter>
  </ItemGroup>
  <ItemGroup>
    <ClInclude Include="Vertex.h">
      <Filter>Vertex</Filter>
    </ClInclude>
    <ClInclude Include="VertexAttribute.h">
      <Filter>Vertex</Filter>
    </ClInclude>
    <ClInclude Include="Scene.h">
      <Filter>Scene</Filter>
    </ClInclude>
    <ClInclude Include="RenderSystem.h">
      <Filter>RenderSystem</Filter>
    </ClInclude>
    <ClInclude Include="Display.h">
      <Filter>Display</Filter>
    </ClInclude>
    <ClInclude Include="TransformMaterial.h">
      <Filter>Materials\TransformMaterial</Filter>
    </ClInclude>
    <ClInclude Include="PhongRenderer.h">
      <Filter>Renderers\PhongRenderer</Filter>
    </ClInclude>
    <ClInclude Include="PhongMaterial.h">
      <Filter>Materials\PhongMaterial</Filter>
    </ClInclude>
    <ClInclude Include="Scale.h">
      <Filter>Transform\Scale</Filter>
    </ClInclude>
    <ClInclude Include="Position.h">
      <Filter>Transform\Position</Filter>
    </ClInclude>
    <ClInclude Include="Orientation.h">
      <Filter>Transform\Orientation</Filter>
    </ClInclude>
    <ClInclude Include="Transform.h">
      <Filter>Transform</Filter>
    </ClInclude>
    <ClInclude Include="PrimitiveBuilder.h">
      <Filter>Utils\PrimitiveBuilder</Filter>
    </ClInclude>
    <ClInclude Include="Constants.h">
      <Filter>Constants</Filter>
    </ClInclude>
    <ClInclude Include="Camera.h">
      <Filter>Camera</Filter>
    </ClInclude>
    <ClInclude Include="LightMaterial.h">
      <Filter>Materials\LightMaterial</Filter>
    </ClInclude>
    <ClInclude Include="TextureUtil.h">
      <Filter>Utils\TextureUtil</Filter>
    </ClInclude>
  </ItemGroup>
  <ItemGroup>
    <ClCompile Include="Scene.cpp">
      <Filter>Scene</Filter>
    </ClCompile>
    <ClCompile Include="RenderSystem.cpp">
      <Filter>RenderSystem</Filter>
    </ClCompile>
    <ClCompile Include="Display.cpp">
      <Filter>Display</Filter>
    </ClCompile>
    <ClCompile Include="TransformMaterial.cpp">
      <Filter>Materials\TransformMaterial</Filter>
    </ClCompile>
    <ClCompile Include="PhongRenderer.cpp">
      <Filter>Renderers\PhongRenderer</Filter>
    </ClCompile>
    <ClCompile Include="PhongMaterial.cpp">
      <Filter>Materials\PhongMaterial</Filter>
    </ClCompile>
    <ClCompile Include="Scale.cpp">
      <Filter>Transform\Scale</Filter>
    </ClCompile>
    <ClCompile Include="Position.cpp">
      <Filter>Transform\Position</Filter>
    </ClCompile>
    <ClCompile Include="Orientation.cpp">
      <Filter>Transform\Orientation</Filter>
    </ClCompile>
    <ClCompile Include="Transform.cpp">
      <Filter>Transform</Filter>
    </ClCompile>
    <ClCompile Include="PrimitiveBuilder.cpp">
      <Filter>Utils\PrimitiveBuilder</Filter>
    </ClCompile>
    <ClCompile Include="Camera.cpp">
      <Filter>Camera</Filter>
    </ClCompile>
    <ClCompile Include="LightMaterial.cpp">
      <Filter>Materials\LightMaterial</Filter>
    </ClCompile>
    <ClCompile Include="TextureUtil.cpp">
      <Filter>Utils\TextureUtil</Filter>
    </ClCompile>
  </ItemGroup>
</Project>