<?xml version="1.0" encoding="utf-8"?>
<Project ToolsVersion="4.0" xmlns="http://schemas.microsoft.com/developer/msbuild/2003">
  <ItemGroup>
    <Filter Include="Resource Files">
      <UniqueIdentifier>{67DA6AB6-F800-4c08-8B7A-83BB121AAD01}</UniqueIdentifier>
      <Extensions>rc;ico;cur;bmp;dlg;rc2;rct;bin;rgs;gif;jpg;jpeg;jpe;resx;tiff;tif;png;wav;mfcribbon-ms</Extensions>
    </Filter>
    <Filter Include="App">
      <UniqueIdentifier>{8f9eba5b-1a56-4a6a-aacc-91e55e2248a0}</UniqueIdentifier>
    </Filter>
    <Filter Include="Common">
      <UniqueIdentifier>{98673e31-dd61-4fb5-a265-889f8bb82592}</UniqueIdentifier>
    </Filter>
    <Filter Include="View">
      <UniqueIdentifier>{894fd164-0e06-4974-ae43-5b7f5ac8cecc}</UniqueIdentifier>
    </Filter>
    <Filter Include="MainFrame">
      <UniqueIdentifier>{55f2795c-d218-433b-a731-7cd4916ece7b}</UniqueIdentifier>
    </Filter>
    <Filter Include="View\MainView">
      <UniqueIdentifier>{b89b882c-aa9a-4a59-8ddb-cc26c4808d1c}</UniqueIdentifier>
    </Filter>
    <Filter Include="View\LogView">
      <UniqueIdentifier>{40e76b48-d4f4-42bf-b775-84f2f94890e1}</UniqueIdentifier>
    </Filter>
    <Filter Include="Logger">
      <UniqueIdentifier>{1fb8033d-603d-4ce7-bbe5-006e86f73967}</UniqueIdentifier>
    </Filter>
    <Filter Include="Assets">
      <UniqueIdentifier>{c41f93a2-07c9-492f-8237-a0be4c1c7801}</UniqueIdentifier>
    </Filter>
    <Filter Include="Assets\Shaders">
      <UniqueIdentifier>{8b2b13ad-6a29-4cd8-ad57-16983be9a662}</UniqueIdentifier>
    </Filter>
    <Filter Include="Assets\Materials">
      <UniqueIdentifier>{b885c91a-3aec-4260-becf-109e727041e8}</UniqueIdentifier>
    </Filter>
    <Filter Include="Assets\Shaders\Test">
      <UniqueIdentifier>{93437e74-d959-4d3f-9225-f7bb29a12202}</UniqueIdentifier>
    </Filter>
    <Filter Include="Assets\Shaders\Simple">
      <UniqueIdentifier>{935722f8-c792-4327-a43d-3c2d369f77c3}</UniqueIdentifier>
    </Filter>
  </ItemGroup>
  <ItemGroup>
    <ClInclude Include="App.h">
      <Filter>App</Filter>
    </ClInclude>
    <ClInclude Include="framework.h">
      <Filter>Common</Filter>
    </ClInclude>
    <ClInclude Include="Resource.h">
      <Filter>Common</Filter>
    </ClInclude>
    <ClInclude Include="targetver.h">
      <Filter>Common</Filter>
    </ClInclude>
    <ClInclude Include="pch.h">
      <Filter>Common</Filter>
    </ClInclude>
    <ClInclude Include="MainFrm.h">
      <Filter>MainFrame</Filter>
    </ClInclude>
    <ClInclude Include="MainView.h">
      <Filter>View\MainView</Filter>
    </ClInclude>
    <ClInclude Include="LogView.h">
      <Filter>View\LogView</Filter>
    </ClInclude>
    <ClInclude Include="ListBoxLoggerImpl.h">
      <Filter>Logger</Filter>
    </ClInclude>
  </ItemGroup>
  <ItemGroup>
    <ClCompile Include="App.cpp">
      <Filter>App</Filter>
    </ClCompile>
    <ClCompile Include="pch.cpp">
      <Filter>Common</Filter>
    </ClCompile>
    <ClCompile Include="MainFrm.cpp">
      <Filter>MainFrame</Filter>
    </ClCompile>
    <ClCompile Include="MainView.cpp">
      <Filter>View\MainView</Filter>
    </ClCompile>
    <ClCompile Include="LogView.cpp">
      <Filter>View\LogView</Filter>
    </ClCompile>
    <ClCompile Include="ListBoxLoggerImpl.cpp">
      <Filter>Logger</Filter>
    </ClCompile>
  </ItemGroup>
  <ItemGroup>
    <ResourceCompile Include="App.rc">
      <Filter>Resource Files</Filter>
    </ResourceCompile>
  </ItemGroup>
  <ItemGroup>
    <None Include="res\App.rc2">
      <Filter>Resource Files</Filter>
    </None>
    <None Include="Assets\Shaders\ShaderData.glsl">
      <Filter>Assets\Shaders</Filter>
    </None>
    <None Include="Assets\Shaders\Constants.glsl">
      <Filter>Assets\Shaders</Filter>
    </None>
    <None Include="Assets\Shaders\Test.frag">
      <Filter>Assets\Shaders\Test</Filter>
    </None>
    <None Include="Assets\Shaders\Test.vert">
      <Filter>Assets\Shaders\Test</Filter>
    </None>
    <None Include="Assets\Shaders\Simple.frag">
      <Filter>Assets\Shaders\Simple</Filter>
    </None>
    <None Include="Assets\Shaders\Simple.vert">
      <Filter>Assets\Shaders\Simple</Filter>
    </None>
    <None Include="SimpleMaterial.glsl">
      <Filter>Assets\Materials</Filter>
    </None>
    <None Include="Assets\Shaders\Images.glsl">
      <Filter>Assets\Shaders</Filter>
    </None>
  </ItemGroup>
  <ItemGroup>
    <Image Include="res\App.ico">
      <Filter>Resource Files</Filter>
    </Image>
  </ItemGroup>
</Project>