<?xml version="1.0" encoding="utf-8"?>
<Project ToolsVersion="4.0" xmlns="http://schemas.microsoft.com/developer/msbuild/2003">
  <ItemGroup>
    <Filter Include="Infra">
      <UniqueIdentifier>{72ee12d2-80a8-404d-a44a-8114a1c60581}</UniqueIdentifier>
    </Filter>
    <Filter Include="Infra\VulkanLoader">
      <UniqueIdentifier>{e0fa7b5d-f7c0-4e7a-bc71-c58a517f918d}</UniqueIdentifier>
    </Filter>
    <Filter Include="Context">
      <UniqueIdentifier>{2b1dcc2d-8e42-4e88-808e-884961d85822}</UniqueIdentifier>
    </Filter>
    <Filter Include="Modules">
      <UniqueIdentifier>{e893c24f-4b0f-4011-b8f2-d9e3f47c054b}</UniqueIdentifier>
    </Filter>
    <Filter Include="Modules\Instance">
      <UniqueIdentifier>{f4eed9b0-5e0b-46e8-8c20-98574098d64e}</UniqueIdentifier>
    </Filter>
    <Filter Include="Modules\PhysicalDevice">
      <UniqueIdentifier>{5a8478ab-7a34-4839-88a1-97abcc3d64e3}</UniqueIdentifier>
    </Filter>
    <Filter Include="Modules\DebugUtilsMessenger">
      <UniqueIdentifier>{03d344d5-e455-4a1a-98b0-0f6651065e4b}</UniqueIdentifier>
    </Filter>
    <Filter Include="Utils">
      <UniqueIdentifier>{2a296a88-2d1a-4721-a324-e60d53c561c2}</UniqueIdentifier>
    </Filter>
    <Filter Include="Modules\Device">
      <UniqueIdentifier>{ce383c17-35fe-4bb2-b98b-e8109f73f310}</UniqueIdentifier>
    </Filter>
    <Filter Include="Modules\PipelineCache">
      <UniqueIdentifier>{4f2afdc6-d1fc-4114-b9e4-801a3b838e0f}</UniqueIdentifier>
    </Filter>
    <Filter Include="Modules\Memory">
      <UniqueIdentifier>{0027cfb5-883d-4530-a366-28b634f01df7}</UniqueIdentifier>
    </Filter>
    <Filter Include="Modules\Buffer">
      <UniqueIdentifier>{20e7d301-a274-47c6-aff0-38af93d14dc0}</UniqueIdentifier>
    </Filter>
    <Filter Include="Modules\Image">
      <UniqueIdentifier>{e12f814a-9719-4773-889d-196a855cd0b6}</UniqueIdentifier>
    </Filter>
    <Filter Include="Modules\ImageView">
      <UniqueIdentifier>{a27a533a-c4de-41ae-af52-c232d3999980}</UniqueIdentifier>
    </Filter>
  </ItemGroup>
  <ItemGroup>
    <ClInclude Include="Vulkan.h">
      <Filter>Infra</Filter>
    </ClInclude>
    <ClInclude Include="VulkanProc.h">
      <Filter>Infra</Filter>
    </ClInclude>
    <ClInclude Include="VulkanLoader.h">
      <Filter>Infra\VulkanLoader</Filter>
    </ClInclude>
    <ClInclude Include="Instance.h">
      <Filter>Modules\Instance</Filter>
    </ClInclude>
    <ClInclude Include="Context.h">
      <Filter>Context</Filter>
    </ClInclude>
    <ClInclude Include="DebugUtilsMessenger.h">
      <Filter>Modules\DebugUtilsMessenger</Filter>
    </ClInclude>
    <ClInclude Include="ConversionUtil.h">
      <Filter>Utils</Filter>
    </ClInclude>
    <ClInclude Include="PhysicalDevice.h">
      <Filter>Modules\PhysicalDevice</Filter>
    </ClInclude>
    <ClInclude Include="Device.h">
      <Filter>Modules\Device</Filter>
    </ClInclude>
    <ClInclude Include="PipelineCache.h">
      <Filter>Modules\PipelineCache</Filter>
    </ClInclude>
    <ClInclude Include="DeviceMemory.h">
      <Filter>Modules\Memory</Filter>
    </ClInclude>
    <ClInclude Include="Buffer.h">
      <Filter>Modules\Buffer</Filter>
    </ClInclude>
    <ClInclude Include="Image.h">
      <Filter>Modules\Image</Filter>
    </ClInclude>
    <ClInclude Include="ImageView.h">
      <Filter>Modules\ImageView</Filter>
    </ClInclude>
  </ItemGroup>
  <ItemGroup>
    <ClCompile Include="VulkanLoader.cpp">
      <Filter>Infra\VulkanLoader</Filter>
    </ClCompile>
    <ClCompile Include="Instance.cpp">
      <Filter>Modules\Instance</Filter>
    </ClCompile>
    <ClCompile Include="Context.cpp">
      <Filter>Context</Filter>
    </ClCompile>
    <ClCompile Include="DebugUtilsMessenger.cpp">
      <Filter>Modules\DebugUtilsMessenger</Filter>
    </ClCompile>
    <ClCompile Include="PhysicalDevice.cpp">
      <Filter>Modules\PhysicalDevice</Filter>
    </ClCompile>
    <ClCompile Include="Device.cpp">
      <Filter>Modules\Device</Filter>
    </ClCompile>
    <ClCompile Include="PipelineCache.cpp">
      <Filter>Modules\PipelineCache</Filter>
    </ClCompile>
    <ClCompile Include="DeviceMemory.cpp">
      <Filter>Modules\Memory</Filter>
    </ClCompile>
    <ClCompile Include="Buffer.cpp">
      <Filter>Modules\Buffer</Filter>
    </ClCompile>
    <ClCompile Include="Image.cpp">
      <Filter>Modules\Image</Filter>
    </ClCompile>
    <ClCompile Include="ImageView.cpp">
      <Filter>Modules\ImageView</Filter>
    </ClCompile>
  </ItemGroup>
</Project>