<?xml version="1.0" encoding="utf-8"?>
<Project ToolsVersion="4.0" xmlns="http://schemas.microsoft.com/developer/msbuild/2003">
  <ItemGroup>
    <Filter Include="Unique">
      <UniqueIdentifier>{721a2ef7-7f41-48ec-bcf3-44601b78e4cd}</UniqueIdentifier>
    </Filter>
    <Filter Include="Logger">
      <UniqueIdentifier>{c8406908-6425-4e99-bec9-6076384ba639}</UniqueIdentifier>
    </Filter>
    <Filter Include="Event">
      <UniqueIdentifier>{1aaff2ca-9379-4cd5-89a6-a78c10156639}</UniqueIdentifier>
    </Filter>
    <Filter Include="WeakReferenceSet">
      <UniqueIdentifier>{89642a60-e664-4c8f-a651-9aeaf8c70052}</UniqueIdentifier>
    </Filter>
  </ItemGroup>
  <ItemGroup>
    <ClInclude Include="Unique.h">
      <Filter>Unique</Filter>
    </ClInclude>
    <ClInclude Include="Logger.h">
      <Filter>Logger</Filter>
    </ClInclude>
    <ClInclude Include="Event.h">
      <Filter>Event</Filter>
    </ClInclude>
    <ClInclude Include="WeakReferenceSet.h">
      <Filter>WeakReferenceSet</Filter>
    </ClInclude>
  </ItemGroup>
  <ItemGroup>
    <ClCompile Include="Logger.cpp">
      <Filter>Logger</Filter>
    </ClCompile>
  </ItemGroup>
</Project>