<?xml version="1.0" encoding="utf-8"?>
<Project ToolsVersion="4.0" xmlns="http://schemas.microsoft.com/developer/msbuild/2003">
  <ItemGroup>
    <Filter Include="Utils">
      <UniqueIdentifier>{8755ffd8-d831-45f4-aa66-dceb7019a2e1}</UniqueIdentifier>
    </Filter>
    <Filter Include="Context">
      <UniqueIdentifier>{3b6c06c7-9349-4302-a544-950e7ce4c33a}</UniqueIdentifier>
    </Filter>
    <Filter Include="MemoryAllocator">
      <UniqueIdentifier>{661cb648-7386-4634-94fc-5ed3db7925ba}</UniqueIdentifier>
    </Filter>
    <Filter Include="MemoryImage">
      <UniqueIdentifier>{7047aafd-653d-4951-afda-ee56b6e498c6}</UniqueIdentifier>
    </Filter>
    <Filter Include="MemoryBuffer">
      <UniqueIdentifier>{84e228fa-e09d-4c60-83dc-54e2376f7908}</UniqueIdentifier>
    </Filter>
    <Filter Include="MemoryAllocator\MemoryBlock">
      <UniqueIdentifier>{fdef35e8-f042-4c95-91b1-0a2534edd28b}</UniqueIdentifier>
    </Filter>
    <Filter Include="MemoryAllocator\MemoryChunk">
      <UniqueIdentifier>{5da80a06-13c4-4ce3-8969-7a7e26b88969}</UniqueIdentifier>
    </Filter>
    <Filter Include="Circulator">
      <UniqueIdentifier>{95719089-e8c9-434e-b68d-79e440bd91d0}</UniqueIdentifier>
    </Filter>
    <Filter Include="Circulator\CommandBufferCirculator">
      <UniqueIdentifier>{3029419e-db7c-4c9a-894c-648cdd98803d}</UniqueIdentifier>
    </Filter>
    <Filter Include="Circulator\SemaphoreCirculator">
      <UniqueIdentifier>{a0f5125e-dd03-423b-8b78-f4450f2b7108}</UniqueIdentifier>
    </Filter>
    <Filter Include="CommandExecutor">
      <UniqueIdentifier>{3f2eb002-d8bf-4915-9eea-5bc877c2139b}</UniqueIdentifier>
    </Filter>
    <Filter Include="DescriptorUpdater">
      <UniqueIdentifier>{6bf22b45-1d04-4744-9c94-dfc4b06ca1ed}</UniqueIdentifier>
    </Filter>
  </ItemGroup>
  <ItemGroup>
    <ClCompile Include="Context.cpp">
      <Filter>Context</Filter>
    </ClCompile>
    <ClCompile Include="MemoryBlock.cpp">
      <Filter>MemoryAllocator\MemoryBlock</Filter>
    </ClCompile>
    <ClCompile Include="MemoryChunk.cpp">
      <Filter>MemoryAllocator\MemoryChunk</Filter>
    </ClCompile>
    <ClCompile Include="MemoryBuffer.cpp">
      <Filter>MemoryBuffer</Filter>
    </ClCompile>
    <ClCompile Include="MemoryImage.cpp">
      <Filter>MemoryImage</Filter>
    </ClCompile>
    <ClCompile Include="MemoryAllocator.cpp">
      <Filter>MemoryAllocator</Filter>
    </ClCompile>
    <ClCompile Include="CommandBufferCirculator.cpp">
      <Filter>Circulator\CommandBufferCirculator</Filter>
    </ClCompile>
    <ClCompile Include="SemaphoreCirculator.cpp">
      <Filter>Circulator\SemaphoreCirculator</Filter>
    </ClCompile>
    <ClCompile Include="CommandExecutor.cpp">
      <Filter>CommandExecutor</Filter>
    </ClCompile>
    <ClCompile Include="DescriptorUpdater.cpp">
      <Filter>DescriptorUpdater</Filter>
    </ClCompile>
  </ItemGroup>
  <ItemGroup>
    <ClInclude Include="Context.h">
      <Filter>Context</Filter>
    </ClInclude>
    <ClInclude Include="ConversionUtil.h">
      <Filter>Utils</Filter>
    </ClInclude>
    <ClInclude Include="MemoryBlock.h">
      <Filter>MemoryAllocator\MemoryBlock</Filter>
    </ClInclude>
    <ClInclude Include="MemoryChunk.h">
      <Filter>MemoryAllocator\MemoryChunk</Filter>
    </ClInclude>
    <ClInclude Include="MemoryAllocator.h">
      <Filter>MemoryAllocator</Filter>
    </ClInclude>
    <ClInclude Include="MemoryBuffer.h">
      <Filter>MemoryBuffer</Filter>
    </ClInclude>
    <ClInclude Include="MemoryImage.h">
      <Filter>MemoryImage</Filter>
    </ClInclude>
    <ClInclude Include="CommandBufferCirculator.h">
      <Filter>Circulator\CommandBufferCirculator</Filter>
    </ClInclude>
    <ClInclude Include="SemaphoreCirculator.h">
      <Filter>Circulator\SemaphoreCirculator</Filter>
    </ClInclude>
    <ClInclude Include="CommandExecutor.h">
      <Filter>CommandExecutor</Filter>
    </ClInclude>
    <ClInclude Include="DescriptorUpdater.h">
      <Filter>DescriptorUpdater</Filter>
    </ClInclude>
  </ItemGroup>
</Project>