<?xml version="1.0" encoding="utf-8"?>
<Project ToolsVersion="4.0" xmlns="http://schemas.microsoft.com/developer/msbuild/2003">
  <ItemGroup>
    <Filter Include="Engine">
      <UniqueIdentifier>{69160b60-b128-4735-aa47-e43298c4b01e}</UniqueIdentifier>
    </Filter>
    <Filter Include="Constants">
      <UniqueIdentifier>{87012a27-38b7-4992-8ddb-e52a377b83b2}</UniqueIdentifier>
    </Filter>
    <Filter Include="RenderTarget">
      <UniqueIdentifier>{1515f0b2-6a93-41ff-a43a-6b78ed89692a}</UniqueIdentifier>
    </Filter>
    <Filter Include="Mesh">
      <UniqueIdentifier>{872b6c72-d46f-48a3-93ee-3042a2a8941c}</UniqueIdentifier>
    </Filter>
    <Filter Include="DrawParam">
      <UniqueIdentifier>{66b1948e-e211-47b4-a4b2-3f85335e1ed0}</UniqueIdentifier>
    </Filter>
    <Filter Include="Material">
      <UniqueIdentifier>{2ece43cc-52e9-4d34-9368-9d0b1dca1f7d}</UniqueIdentifier>
    </Filter>
    <Filter Include="Texture">
      <UniqueIdentifier>{e74c68a1-5aad-4a90-b62e-6fe66baf895b}</UniqueIdentifier>
    </Filter>
    <Filter Include="Renderer">
      <UniqueIdentifier>{453da233-e48d-4a99-8591-e62c5ed8dda6}</UniqueIdentifier>
    </Filter>
    <Filter Include="CommandSubmitter">
      <UniqueIdentifier>{fdbb4b8f-c1de-4ead-9af7-9eacca4e6170}</UniqueIdentifier>
    </Filter>
    <Filter Include="GlobalDescriptorManager">
      <UniqueIdentifier>{4e9de112-b397-4937-9807-bc8180fa4c7c}</UniqueIdentifier>
    </Filter>
    <Filter Include="ResourcePool">
      <UniqueIdentifier>{601eeda5-6746-4d12-9a83-07ee88824f75}</UniqueIdentifier>
    </Filter>
    <Filter Include="MaterialBufferBuilder">
      <UniqueIdentifier>{cb2ad3d7-7386-4812-ba24-e25d338bc0a9}</UniqueIdentifier>
    </Filter>
    <Filter Include="RendererResourceManager">
      <UniqueIdentifier>{948c246a-e05f-4159-b80b-5bd88f10123e}</UniqueIdentifier>
    </Filter>
    <Filter Include="RenderObject">
      <UniqueIdentifier>{5c639e7d-46a9-4b38-99aa-92b56bec4697}</UniqueIdentifier>
    </Filter>
    <Filter Include="Layer">
      <UniqueIdentifier>{8f7878a0-ea41-4b16-9d8b-fafda935fd6f}</UniqueIdentifier>
    </Filter>
    <Filter Include="SubLayer">
      <UniqueIdentifier>{52279b25-04d2-4604-a219-7839ae9f06d8}</UniqueIdentifier>
    </Filter>
    <Filter Include="ShaderData">
      <UniqueIdentifier>{4dd4c6fd-ec3c-41f2-9f03-cf7f22dbb499}</UniqueIdentifier>
    </Filter>
    <Filter Include="ImageReferenceManager">
      <UniqueIdentifier>{51cc4afa-8ebb-4481-9402-98df9beb218a}</UniqueIdentifier>
    </Filter>
    <Filter Include="Util">
      <UniqueIdentifier>{98725af5-c9ff-4f63-8e33-6e248579d428}</UniqueIdentifier>
    </Filter>
    <Filter Include="Util\SwapchainException">
      <UniqueIdentifier>{6c5c8623-bb91-4379-86bd-fea33ef60549}</UniqueIdentifier>
    </Filter>
  </ItemGroup>
  <ItemGroup>
    <ClInclude Include="Engine.h">
      <Filter>Engine</Filter>
    </ClInclude>
    <ClInclude Include="Constants.h">
      <Filter>Constants</Filter>
    </ClInclude>
    <ClInclude Include="ResourcePool.h">
      <Filter>ResourcePool</Filter>
    </ClInclude>
    <ClInclude Include="RenderTarget.h">
      <Filter>RenderTarget</Filter>
    </ClInclude>
    <ClInclude Include="Mesh.h">
      <Filter>Mesh</Filter>
    </ClInclude>
    <ClInclude Include="DrawParam.h">
      <Filter>DrawParam</Filter>
    </ClInclude>
    <ClInclude Include="Material.h">
      <Filter>Material</Filter>
    </ClInclude>
    <ClInclude Include="Texture.h">
      <Filter>Texture</Filter>
    </ClInclude>
    <ClInclude Include="Renderer.h">
      <Filter>Renderer</Filter>
    </ClInclude>
    <ClInclude Include="CommandSubmitter.h">
      <Filter>CommandSubmitter</Filter>
    </ClInclude>
    <ClInclude Include="GlobalDescriptorManager.h">
      <Filter>GlobalDescriptorManager</Filter>
    </ClInclude>
    <ClInclude Include="MaterialBufferBuilder.h">
      <Filter>MaterialBufferBuilder</Filter>
    </ClInclude>
    <ClInclude Include="RendererResourceManager.h">
      <Filter>RendererResourceManager</Filter>
    </ClInclude>
    <ClInclude Include="RenderObject.h">
      <Filter>RenderObject</Filter>
    </ClInclude>
    <ClInclude Include="Layer.h">
      <Filter>Layer</Filter>
    </ClInclude>
    <ClInclude Include="SubLayer.h">
      <Filter>SubLayer</Filter>
    </ClInclude>
    <ClInclude Include="ShaderData.h">
      <Filter>ShaderData</Filter>
    </ClInclude>
    <ClInclude Include="ImageReferenceManager.h">
      <Filter>ImageReferenceManager</Filter>
    </ClInclude>
    <ClInclude Include="SwapchainException.h">
      <Filter>Util\SwapchainException</Filter>
    </ClInclude>
  </ItemGroup>
  <ItemGroup>
    <ClCompile Include="Engine.cpp">
      <Filter>Engine</Filter>
    </ClCompile>
    <ClCompile Include="ResourcePool.cpp">
      <Filter>ResourcePool</Filter>
    </ClCompile>
    <ClCompile Include="RenderTarget.cpp">
      <Filter>RenderTarget</Filter>
    </ClCompile>
    <ClCompile Include="Mesh.cpp">
      <Filter>Mesh</Filter>
    </ClCompile>
    <ClCompile Include="DrawParam.cpp">
      <Filter>DrawParam</Filter>
    </ClCompile>
    <ClCompile Include="Texture.cpp">
      <Filter>Texture</Filter>
    </ClCompile>
    <ClCompile Include="Material.cpp">
      <Filter>Material</Filter>
    </ClCompile>
    <ClCompile Include="Renderer.cpp">
      <Filter>Renderer</Filter>
    </ClCompile>
    <ClCompile Include="CommandSubmitter.cpp">
      <Filter>CommandSubmitter</Filter>
    </ClCompile>
    <ClCompile Include="GlobalDescriptorManager.cpp">
      <Filter>GlobalDescriptorManager</Filter>
    </ClCompile>
    <ClCompile Include="MaterialBufferBuilder.cpp">
      <Filter>MaterialBufferBuilder</Filter>
    </ClCompile>
    <ClCompile Include="RendererResourceManager.cpp">
      <Filter>RendererResourceManager</Filter>
    </ClCompile>
    <ClCompile Include="RenderObject.cpp">
      <Filter>RenderObject</Filter>
    </ClCompile>
    <ClCompile Include="SubLayer.cpp">
      <Filter>SubLayer</Filter>
    </ClCompile>
    <ClCompile Include="Layer.cpp">
      <Filter>Layer</Filter>
    </ClCompile>
    <ClCompile Include="ImageReferenceManager.cpp">
      <Filter>ImageReferenceManager</Filter>
    </ClCompile>
    <ClCompile Include="SwapchainException.cpp">
      <Filter>Util\SwapchainException</Filter>
    </ClCompile>
  </ItemGroup>
</Project>