<?xml version="1.0" encoding="utf-8"?>
<Project ToolsVersion="4.0" xmlns="http://schemas.microsoft.com/developer/msbuild/2003">
  <ItemGroup>
    <Filter Include="Engine">
      <UniqueIdentifier>{69160b60-b128-4735-aa47-e43298c4b01e}</UniqueIdentifier>
    </Filter>
    <Filter Include="Constants">
      <UniqueIdentifier>{87012a27-38b7-4992-8ddb-e52a377b83b2}</UniqueIdentifier>
    </Filter>
    <Filter Include="LayerResourcePool">
      <UniqueIdentifier>{601eeda5-6746-4d12-9a83-07ee88824f75}</UniqueIdentifier>
    </Filter>
    <Filter Include="RenderTarget">
      <UniqueIdentifier>{1515f0b2-6a93-41ff-a43a-6b78ed89692a}</UniqueIdentifier>
    </Filter>
    <Filter Include="Mesh">
      <UniqueIdentifier>{872b6c72-d46f-48a3-93ee-3042a2a8941c}</UniqueIdentifier>
    </Filter>
    <Filter Include="DrawParam">
      <UniqueIdentifier>{66b1948e-e211-47b4-a4b2-3f85335e1ed0}</UniqueIdentifier>
    </Filter>
    <Filter Include="Material">
      <UniqueIdentifier>{2ece43cc-52e9-4d34-9368-9d0b1dca1f7d}</UniqueIdentifier>
    </Filter>
    <Filter Include="Texture">
      <UniqueIdentifier>{e74c68a1-5aad-4a90-b62e-6fe66baf895b}</UniqueIdentifier>
    </Filter>
  </ItemGroup>
  <ItemGroup>
    <ClInclude Include="Engine.h">
      <Filter>Engine</Filter>
    </ClInclude>
    <ClInclude Include="Constants.h">
      <Filter>Constants</Filter>
    </ClInclude>
    <ClInclude Include="LayerResourcePool.h">
      <Filter>LayerResourcePool</Filter>
    </ClInclude>
    <ClInclude Include="RenderTarget.h">
      <Filter>RenderTarget</Filter>
    </ClInclude>
    <ClInclude Include="Mesh.h">
      <Filter>Mesh</Filter>
    </ClInclude>
    <ClInclude Include="DrawParam.h">
      <Filter>DrawParam</Filter>
    </ClInclude>
    <ClInclude Include="Material.h">
      <Filter>Material</Filter>
    </ClInclude>
    <ClInclude Include="Texture.h">
      <Filter>Texture</Filter>
    </ClInclude>
  </ItemGroup>
  <ItemGroup>
    <ClCompile Include="Engine.cpp">
      <Filter>Engine</Filter>
    </ClCompile>
    <ClCompile Include="LayerResourcePool.cpp">
      <Filter>LayerResourcePool</Filter>
    </ClCompile>
    <ClCompile Include="RenderTarget.cpp">
      <Filter>RenderTarget</Filter>
    </ClCompile>
    <ClCompile Include="Mesh.cpp">
      <Filter>Mesh</Filter>
    </ClCompile>
    <ClCompile Include="DrawParam.cpp">
      <Filter>DrawParam</Filter>
    </ClCompile>
    <ClCompile Include="Texture.cpp">
      <Filter>Texture</Filter>
    </ClCompile>
    <ClCompile Include="Material.cpp">
      <Filter>Material</Filter>
    </ClCompile>
  </ItemGroup>
</Project>